
Microsoft Visual Studio Solution File, Format Version 12.00
# Visual Studio 15
VisualStudioVersion = 15.0.27130.2027
MinimumVisualStudioVersion = 10.0.40219.1
Project("{FAE04EC0-301F-11D3-BF4B-00C04F79EFBC}") = "SOAPtilteamservice", "SOAPtilteamservice\SOAPtilteamservice.csproj", "{C5A13EBE-0DC4-415A-8DF1-223B42CCE33E}"
EndProject
Project("{FAE04EC0-301F-11D3-BF4B-00C04F79EFBC}") = "SOAPtilteamserviceTests", "SOAPtilteamserviceTests\SOAPtilteamserviceTests.csproj", "{8085F921-899C-49B9-B472-3F7B917A405F}"
EndProject
Global
	GlobalSection(SolutionConfigurationPlatforms) = preSolution
		Debug|Any CPU = Debug|Any CPU
		Release|Any CPU = Release|Any CPU
	EndGlobalSection
	GlobalSection(ProjectConfigurationPlatforms) = postSolution
		{C5A13EBE-0DC4-415A-8DF1-223B42CCE33E}.Debug|Any CPU.ActiveCfg = Debug|Any CPU
		{C5A13EBE-0DC4-415A-8DF1-223B42CCE33E}.Debug|Any CPU.Build.0 = Debug|Any CPU
		{C5A13EBE-0DC4-415A-8DF1-223B42CCE33E}.Release|Any CPU.ActiveCfg = Release|Any CPU
		{C5A13EBE-0DC4-415A-8DF1-223B42CCE33E}.Release|Any CPU.Build.0 = Release|Any CPU
		{8085F921-899C-49B9-B472-3F7B917A405F}.Debug|Any CPU.ActiveCfg = Debug|Any CPU
		{8085F921-899C-49B9-B472-3F7B917A405F}.Debug|Any CPU.Build.0 = Debug|Any CPU
		{8085F921-899C-49B9-B472-3F7B917A405F}.Release|Any CPU.ActiveCfg = Release|Any CPU
		{8085F921-899C-49B9-B472-3F7B917A405F}.Release|Any CPU.Build.0 = Release|Any CPU
	EndGlobalSection
	GlobalSection(SolutionProperties) = preSolution
		HideSolutionNode = FALSE
	EndGlobalSection
	GlobalSection(ExtensibilityGlobals) = postSolution
		SolutionGuid = {6219A61D-4BFE-4411-ABEF-221B67EE7B2F}
	EndGlobalSection
EndGlobal
